
Microsoft Visual Studio Solution File, Format Version 12.00
# Visual Studio Version 16
VisualStudioVersion = 16.0.30717.126
MinimumVisualStudioVersion = 10.0.40219.1
Project("{2150E333-8FDC-42A3-9474-1A3956D46DE8}") = "Application", "Application", "{01EB25E1-71A6-4625-9DFC-CB1D4FAC15F8}"
EndProject
Project("{2150E333-8FDC-42A3-9474-1A3956D46DE8}") = "Domain", "Domain", "{D222DA15-76BF-497C-B070-9F298A11A155}"
EndProject
Project("{2150E333-8FDC-42A3-9474-1A3956D46DE8}") = "Infra.IoC", "Infra.IoC", "{6DE9BD1B-6D32-4CB4-ACA3-803CAAAA3DB9}"
EndProject
Project("{2150E333-8FDC-42A3-9474-1A3956D46DE8}") = "Infra.Data", "Infra.Data", "{F484D1EF-5AB6-4B37-A5C7-62182C3BC3B5}"
EndProject
Project("{2150E333-8FDC-42A3-9474-1A3956D46DE8}") = "Presentation", "Presentation", "{DB32B19F-F508-4160-B13A-11F71FDF7E52}"
EndProject
Project("{FAE04EC0-301F-11D3-BF4B-00C04F79EFBC}") = "CleanArch.Mvc", "CleanArch.Mvc\CleanArch.Mvc.csproj", "{D232C5A7-D409-44C6-A297-C2DABCDEF4BA}"
EndProject
Project("{FAE04EC0-301F-11D3-BF4B-00C04F79EFBC}") = "CleanArch.Domain", "CleanArch.Domain\CleanArch.Domain.csproj", "{413F72FE-9141-4ECC-95BD-B5BE51DE5487}"
EndProject
Project("{FAE04EC0-301F-11D3-BF4B-00C04F79EFBC}") = "CleanArch.Infra.Data", "CleanArch.Infra.Data\CleanArch.Infra.Data.csproj", "{A1D4E972-C945-4EEF-8D07-14C3475E91E1}"
EndProject
Global
	GlobalSection(SolutionConfigurationPlatforms) = preSolution
		Debug|Any CPU = Debug|Any CPU
		Release|Any CPU = Release|Any CPU
	EndGlobalSection
	GlobalSection(ProjectConfigurationPlatforms) = postSolution
		{D232C5A7-D409-44C6-A297-C2DABCDEF4BA}.Debug|Any CPU.ActiveCfg = Debug|Any CPU
		{D232C5A7-D409-44C6-A297-C2DABCDEF4BA}.Debug|Any CPU.Build.0 = Debug|Any CPU
		{D232C5A7-D409-44C6-A297-C2DABCDEF4BA}.Release|Any CPU.ActiveCfg = Release|Any CPU
		{D232C5A7-D409-44C6-A297-C2DABCDEF4BA}.Release|Any CPU.Build.0 = Release|Any CPU
		{413F72FE-9141-4ECC-95BD-B5BE51DE5487}.Debug|Any CPU.ActiveCfg = Debug|Any CPU
		{413F72FE-9141-4ECC-95BD-B5BE51DE5487}.Debug|Any CPU.Build.0 = Debug|Any CPU
		{413F72FE-9141-4ECC-95BD-B5BE51DE5487}.Release|Any CPU.ActiveCfg = Release|Any CPU
		{413F72FE-9141-4ECC-95BD-B5BE51DE5487}.Release|Any CPU.Build.0 = Release|Any CPU
		{A1D4E972-C945-4EEF-8D07-14C3475E91E1}.Debug|Any CPU.ActiveCfg = Debug|Any CPU
		{A1D4E972-C945-4EEF-8D07-14C3475E91E1}.Debug|Any CPU.Build.0 = Debug|Any CPU
		{A1D4E972-C945-4EEF-8D07-14C3475E91E1}.Release|Any CPU.ActiveCfg = Release|Any CPU
		{A1D4E972-C945-4EEF-8D07-14C3475E91E1}.Release|Any CPU.Build.0 = Release|Any CPU
	EndGlobalSection
	GlobalSection(SolutionProperties) = preSolution
		HideSolutionNode = FALSE
	EndGlobalSection
	GlobalSection(NestedProjects) = preSolution
		{D232C5A7-D409-44C6-A297-C2DABCDEF4BA} = {DB32B19F-F508-4160-B13A-11F71FDF7E52}
		{413F72FE-9141-4ECC-95BD-B5BE51DE5487} = {D222DA15-76BF-497C-B070-9F298A11A155}
		{A1D4E972-C945-4EEF-8D07-14C3475E91E1} = {F484D1EF-5AB6-4B37-A5C7-62182C3BC3B5}
	EndGlobalSection
	GlobalSection(ExtensibilityGlobals) = postSolution
		SolutionGuid = {83B08365-CF37-443A-9295-3F7ED9BBF612}
	EndGlobalSection
EndGlobal
